
Microsoft Visual Studio Solution File, Format Version 12.00
# Visual Studio 15
VisualStudioVersion = 15.0.28307.271
MinimumVisualStudioVersion = 10.0.40219.1
Project("{FAE04EC0-301F-11D3-BF4B-00C04F79EFBC}") = "Presentacion8", "Presentacion8\Presentacion8.csproj", "{EB10FE68-B7D1-4F58-A949-970600C029A5}"
EndProject
Project("{FAE04EC0-301F-11D3-BF4B-00C04F79EFBC}") = "LibreriaProductos", "LibreriaProductos\LibreriaProductos.csproj", "{3B67F7AD-E985-4798-9140-BC2201D8034D}"
EndProject
Global
	GlobalSection(SolutionConfigurationPlatforms) = preSolution
		Debug|Any CPU = Debug|Any CPU
		Release|Any CPU = Release|Any CPU
	EndGlobalSection
	GlobalSection(ProjectConfigurationPlatforms) = postSolution
		{EB10FE68-B7D1-4F58-A949-970600C029A5}.Debug|Any CPU.ActiveCfg = Debug|Any CPU
		{EB10FE68-B7D1-4F58-A949-970600C029A5}.Debug|Any CPU.Build.0 = Debug|Any CPU
		{EB10FE68-B7D1-4F58-A949-970600C029A5}.Release|Any CPU.ActiveCfg = Release|Any CPU
		{EB10FE68-B7D1-4F58-A949-970600C029A5}.Release|Any CPU.Build.0 = Release|Any CPU
		{3B67F7AD-E985-4798-9140-BC2201D8034D}.Debug|Any CPU.ActiveCfg = Debug|Any CPU
		{3B67F7AD-E985-4798-9140-BC2201D8034D}.Debug|Any CPU.Build.0 = Debug|Any CPU
		{3B67F7AD-E985-4798-9140-BC2201D8034D}.Release|Any CPU.ActiveCfg = Release|Any CPU
		{3B67F7AD-E985-4798-9140-BC2201D8034D}.Release|Any CPU.Build.0 = Release|Any CPU
	EndGlobalSection
	GlobalSection(SolutionProperties) = preSolution
		HideSolutionNode = FALSE
	EndGlobalSection
	GlobalSection(ExtensibilityGlobals) = postSolution
		SolutionGuid = {75150023-D211-46FB-A35E-771C07CF4622}
	EndGlobalSection
EndGlobal
