
Microsoft Visual Studio Solution File, Format Version 12.00
# Visual Studio 15
VisualStudioVersion = 15.0.28307.271
MinimumVisualStudioVersion = 10.0.40219.1
Project("{FAE04EC0-301F-11D3-BF4B-00C04F79EFBC}") = "Presentacion5", "Presentacion5\Presentacion5.csproj", "{A24BC6CD-CEC1-4F7F-BD1E-555DB2F17354}"
EndProject
Global
	GlobalSection(SolutionConfigurationPlatforms) = preSolution
		Debug|Any CPU = Debug|Any CPU
		Release|Any CPU = Release|Any CPU
	EndGlobalSection
	GlobalSection(ProjectConfigurationPlatforms) = postSolution
		{A24BC6CD-CEC1-4F7F-BD1E-555DB2F17354}.Debug|Any CPU.ActiveCfg = Debug|Any CPU
		{A24BC6CD-CEC1-4F7F-BD1E-555DB2F17354}.Debug|Any CPU.Build.0 = Debug|Any CPU
		{A24BC6CD-CEC1-4F7F-BD1E-555DB2F17354}.Release|Any CPU.ActiveCfg = Release|Any CPU
		{A24BC6CD-CEC1-4F7F-BD1E-555DB2F17354}.Release|Any CPU.Build.0 = Release|Any CPU
	EndGlobalSection
	GlobalSection(SolutionProperties) = preSolution
		HideSolutionNode = FALSE
	EndGlobalSection
	GlobalSection(ExtensibilityGlobals) = postSolution
		SolutionGuid = {22D5F6B1-BA1E-4D3A-8298-0CFE8D58883D}
	EndGlobalSection
EndGlobal
