
Microsoft Visual Studio Solution File, Format Version 12.00
# Visual Studio 15
VisualStudioVersion = 15.0.28307.271
MinimumVisualStudioVersion = 10.0.40219.1
Project("{FAE04EC0-301F-11D3-BF4B-00C04F79EFBC}") = "Presentacion11", "Presentacion11\Presentacion11.csproj", "{7BAE83CC-A389-4A28-B2FC-983D66A8BE1C}"
EndProject
Global
	GlobalSection(SolutionConfigurationPlatforms) = preSolution
		Debug|Any CPU = Debug|Any CPU
		Release|Any CPU = Release|Any CPU
	EndGlobalSection
	GlobalSection(ProjectConfigurationPlatforms) = postSolution
		{7BAE83CC-A389-4A28-B2FC-983D66A8BE1C}.Debug|Any CPU.ActiveCfg = Debug|Any CPU
		{7BAE83CC-A389-4A28-B2FC-983D66A8BE1C}.Debug|Any CPU.Build.0 = Debug|Any CPU
		{7BAE83CC-A389-4A28-B2FC-983D66A8BE1C}.Release|Any CPU.ActiveCfg = Release|Any CPU
		{7BAE83CC-A389-4A28-B2FC-983D66A8BE1C}.Release|Any CPU.Build.0 = Release|Any CPU
	EndGlobalSection
	GlobalSection(SolutionProperties) = preSolution
		HideSolutionNode = FALSE
	EndGlobalSection
	GlobalSection(ExtensibilityGlobals) = postSolution
		SolutionGuid = {E5B0D705-66E2-4F7F-8E68-76CDB8FC8718}
	EndGlobalSection
EndGlobal
